
Microsoft Visual Studio Solution File, Format Version 12.00
# Visual Studio Version 16
VisualStudioVersion = 16.0.30517.126
MinimumVisualStudioVersion = 10.0.40219.1
Project("{FAE04EC0-301F-11D3-BF4B-00C04F79EFBC}") = "SimpleCalculator", "SimpleCalculator\SimpleCalculator.csproj", "{119DC57C-9F74-4F5F-A36C-44622DEE0E49}"
EndProject
Global
	GlobalSection(SolutionConfigurationPlatforms) = preSolution
		Debug|Any CPU = Debug|Any CPU
		Release|Any CPU = Release|Any CPU
	EndGlobalSection
	GlobalSection(ProjectConfigurationPlatforms) = postSolution
		{119DC57C-9F74-4F5F-A36C-44622DEE0E49}.Debug|Any CPU.ActiveCfg = Debug|Any CPU
		{119DC57C-9F74-4F5F-A36C-44622DEE0E49}.Debug|Any CPU.Build.0 = Debug|Any CPU
		{119DC57C-9F74-4F5F-A36C-44622DEE0E49}.Release|Any CPU.ActiveCfg = Release|Any CPU
		{119DC57C-9F74-4F5F-A36C-44622DEE0E49}.Release|Any CPU.Build.0 = Release|Any CPU
	EndGlobalSection
	GlobalSection(SolutionProperties) = preSolution
		HideSolutionNode = FALSE
	EndGlobalSection
	GlobalSection(ExtensibilityGlobals) = postSolution
		SolutionGuid = {D3DE32B4-EEF9-40C1-A27C-2ABF3633A58E}
	EndGlobalSection
EndGlobal
